
Microsoft Visual Studio Solution File, Format Version 12.00
# Visual Studio Version 17
VisualStudioVersion = 17.8.34408.163
MinimumVisualStudioVersion = 10.0.40219.1
Project("{9A19103F-16F7-4668-BE54-9A1E7A4F7556}") = "BlazorApp1", "BlazorApp1\BlazorApp1.csproj", "{44A0BB45-D39B-49FF-80BB-9AAD863BD9C9}"
EndProject
Global
	GlobalSection(SolutionConfigurationPlatforms) = preSolution
		Debug|Any CPU = Debug|Any CPU
		Release|Any CPU = Release|Any CPU
	EndGlobalSection
	GlobalSection(ProjectConfigurationPlatforms) = postSolution
		{44A0BB45-D39B-49FF-80BB-9AAD863BD9C9}.Debug|Any CPU.ActiveCfg = Debug|Any CPU
		{44A0BB45-D39B-49FF-80BB-9AAD863BD9C9}.Debug|Any CPU.Build.0 = Debug|Any CPU
		{44A0BB45-D39B-49FF-80BB-9AAD863BD9C9}.Release|Any CPU.ActiveCfg = Release|Any CPU
		{44A0BB45-D39B-49FF-80BB-9AAD863BD9C9}.Release|Any CPU.Build.0 = Release|Any CPU
	EndGlobalSection
	GlobalSection(SolutionProperties) = preSolution
		HideSolutionNode = FALSE
	EndGlobalSection
	GlobalSection(ExtensibilityGlobals) = postSolution
		SolutionGuid = {A5E194C4-0F2D-49E2-97FB-15158A6C007F}
	EndGlobalSection
EndGlobal
